github.com/ggdream/mini v0.2.0 h1:N6BslxzHjMq3vcYU15CgDVvhlNvh3X9/XZMiwfqUKUA=
github.com/ggdream/mini v0.2.0/go.mod h1:tSY58nlHt1RxH9GBp9DLR39htr/wRWY1cVVdrBItXOA=
github.com/ggdream/requests v0.0.2 h1:XvPzPdLsjI90J5q76txBxnSKMEXmBGh+6VYNnq2IV+8=
github.com/ggdream/requests v0.0.2/go.mod h1:uo5vLrFJig8PJjE8c8b6CW0TYT2cGEzMywwRvW6gQ34=
